// !$*UTF8*$!
{
	archiveVersion = 1;
	classes = {
	};
	objectVersion = 48;
	objects = {

/* Begin PBXBuildFile section */
		A08200011FA336AF00129DCB /* LaunchScreen.storyboard in Resources */ = {isa = PBXBuildFile; fileRef = A082FFFF1FA336AF00129DCB /* LaunchScreen.storyboard */; };
		A08200091FA33BA000129DCB /* pokemon.csv in Resources */ = {isa = PBXBuildFile; fileRef = A08200081FA33B9F00129DCB /* pokemon.csv */; };
		A082000C1FA33D7300129DCB /* Pokemon.swift in Sources */ = {isa = PBXBuildFile; fileRef = A082000B1FA33D7300129DCB /* Pokemon.swift */; };
		A082000F1FA3454300129DCB /* PokeCell.swift in Sources */ = {isa = PBXBuildFile; fileRef = A082000E1FA3454300129DCB /* PokeCell.swift */; };
		A08200131FA34E1100129DCB /* csv.swift in Sources */ = {isa = PBXBuildFile; fileRef = A08200121FA34E1100129DCB /* csv.swift */; };
		A08200151FA3555400129DCB /* pokemonfont.ttf in Resources */ = {isa = PBXBuildFile; fileRef = A08200141FA3555400129DCB /* pokemonfont.ttf */; };
		A082FFF71FA336AF00129DCB /* AppDelegate.swift in Sources */ = {isa = PBXBuildFile; fileRef = A082FFF61FA336AF00129DCB /* AppDelegate.swift */; };
		A082FFF91FA336AF00129DCB /* ViewController.swift in Sources */ = {isa = PBXBuildFile; fileRef = A082FFF81FA336AF00129DCB /* ViewController.swift */; };
		A082FFFC1FA336AF00129DCB /* Main.storyboard in Resources */ = {isa = PBXBuildFile; fileRef = A082FFFA1FA336AF00129DCB /* Main.storyboard */; };
		A082FFFE1FA336AF00129DCB /* Assets.xcassets in Resources */ = {isa = PBXBuildFile; fileRef = A082FFFD1FA336AF00129DCB /* Assets.xcassets */; };
/* End PBXBuildFile section */

/* Begin PBXFileReference section */
		A08200001FA336AF00129DCB /* Base */ = {isa = PBXFileReference; lastKnownFileType = file.storyboard; name = Base; path = Base.lproj/LaunchScreen.storyboard; sourceTree = "<group>"; };
		A08200021FA336AF00129DCB /* Info.plist */ = {isa = PBXFileReference; lastKnownFileType = text.plist.xml; path = Info.plist; sourceTree = "<group>"; };
		A08200081FA33B9F00129DCB /* pokemon.csv */ = {isa = PBXFileReference; fileEncoding = 4; lastKnownFileType = text; path = pokemon.csv; sourceTree = "<group>"; };
		A082000B1FA33D7300129DCB /* Pokemon.swift */ = {isa = PBXFileReference; lastKnownFileType = sourcecode.swift; path = Pokemon.swift; sourceTree = "<group>"; };
		A082000E1FA3454300129DCB /* PokeCell.swift */ = {isa = PBXFileReference; lastKnownFileType = sourcecode.swift; path = PokeCell.swift; sourceTree = "<group>"; };
		A08200121FA34E1100129DCB /* csv.swift */ = {isa = PBXFileReference; fileEncoding = 4; lastKnownFileType = sourcecode.swift; path = csv.swift; sourceTree = "<group>"; };
		A08200141FA3555400129DCB /* pokemonfont.ttf */ = {isa = PBXFileReference; lastKnownFileType = file; path = pokemonfont.ttf; sourceTree = "<group>"; };
		A082FFF31FA336AF00129DCB /* Pokedex.app */ = {isa = PBXFileReference; explicitFileType = wrapper.application; includeInIndex = 0; path = Pokedex.app; sourceTree = BUILT_PRODUCTS_DIR; };
		A082FFF61FA336AF00129DCB /* AppDelegate.swift */ = {isa = PBXFileReference; lastKnownFileType = sourcecode.swift; path = AppDelegate.swift; sourceTree = "<group>"; };
		A082FFF81FA336AF00129DCB /* ViewController.swift */ = {isa = PBXFileReference; lastKnownFileType = sourcecode.swift; path = ViewController.swift; sourceTree = "<group>"; };
		A082FFFB1FA336AF00129DCB /* Base */ = {isa = PBXFileReference; lastKnownFileType = file.storyboard; name = Base; path = Base.lproj/Main.storyboard; sourceTree = "<group>"; };
		A082FFFD1FA336AF00129DCB /* Assets.xcassets */ = {isa = PBXFileReference; lastKnownFileType = folder.assetcatalog; path = Assets.xcassets; sourceTree = "<group>"; };
/* End PBXFileReference section */

/* Begin PBXFrameworksBuildPhase section */
		A082FFF01FA336AF00129DCB /* Frameworks */ = {
			isa = PBXFrameworksBuildPhase;
			buildActionMask = 2147483647;
			files = (
			);
			runOnlyForDeploymentPostprocessing = 0;
		};
/* End PBXFrameworksBuildPhase section */

/* Begin PBXGroup section */
		A082000A1FA33D5700129DCB /* Model */ = {
			isa = PBXGroup;
			children = (
				A082000B1FA33D7300129DCB /* Pokemon.swift */,
			);
			path = Model;
			sourceTree = "<group>";
		};
		A082000D1FA3451E00129DCB /* View */ = {
			isa = PBXGroup;
			children = (
				A082000E1FA3454300129DCB /* PokeCell.swift */,
			);
			path = View;
			sourceTree = "<group>";
		};
		A08200161FA3556C00129DCB /* Controller */ = {
			isa = PBXGroup;
			children = (
				A082FFF81FA336AF00129DCB /* ViewController.swift */,
			);
			path = Controller;
			sourceTree = "<group>";
		};
		A08200171FA3557F00129DCB /* Resources */ = {
			isa = PBXGroup;
			children = (
				A08200141FA3555400129DCB /* pokemonfont.ttf */,
				A08200081FA33B9F00129DCB /* pokemon.csv */,
			);
			path = Resources;
			sourceTree = "<group>";
		};
		A08200181FA355A500129DCB /* Util */ = {
			isa = PBXGroup;
			children = (
				A08200121FA34E1100129DCB /* csv.swift */,
			);
			path = Util;
			sourceTree = "<group>";
		};
		A082FFEA1FA336AF00129DCB = {
			isa = PBXGroup;
			children = (
				A082FFF51FA336AF00129DCB /* Pokedex */,
				A082FFF41FA336AF00129DCB /* Products */,
			);
			sourceTree = "<group>";
		};
		A082FFF41FA336AF00129DCB /* Products */ = {
			isa = PBXGroup;
			children = (
				A082FFF31FA336AF00129DCB /* Pokedex.app */,
			);
			name = Products;
			sourceTree = "<group>";
		};
		A082FFF51FA336AF00129DCB /* Pokedex */ = {
			isa = PBXGroup;
			children = (
				A082000A1FA33D5700129DCB /* Model */,
				A082000D1FA3451E00129DCB /* View */,
				A08200161FA3556C00129DCB /* Controller */,
				A08200171FA3557F00129DCB /* Resources */,
				A08200181FA355A500129DCB /* Util */,
				A082FFF61FA336AF00129DCB /* AppDelegate.swift */,
				A082FFFA1FA336AF00129DCB /* Main.storyboard */,
				A082FFFD1FA336AF00129DCB /* Assets.xcassets */,
				A082FFFF1FA336AF00129DCB /* LaunchScreen.storyboard */,
				A08200021FA336AF00129DCB /* Info.plist */,
			);
			path = Pokedex;
			sourceTree = "<group>";
		};
/* End PBXGroup section */

/* Begin PBXNativeTarget section */
		A082FFF21FA336AF00129DCB /* Pokedex */ = {
			isa = PBXNativeTarget;
			buildConfigurationList = A08200051FA336AF00129DCB /* Build configuration list for PBXNativeTarget "Pokedex" */;
			buildPhases = (
				A082FFEF1FA336AF00129DCB /* Sources */,
				A082FFF01FA336AF00129DCB /* Frameworks */,
				A082FFF11FA336AF00129DCB /* Resources */,
			);
			buildRules = (
			);
			dependencies = (
			);
			name = Pokedex;
			productName = Pokedex;
			productReference = A082FFF31FA336AF00129DCB /* Pokedex.app */;
			productType = "com.apple.product-type.application";
		};
/* End PBXNativeTarget section */

/* Begin PBXProject section */
		A082FFEB1FA336AF00129DCB /* Project object */ = {
			isa = PBXProject;
			attributes = {
				LastSwiftUpdateCheck = 0910;
				LastUpgradeCheck = 0910;
				ORGANIZATIONNAME = "Tom Grobbe";
				TargetAttributes = {
					A082FFF21FA336AF00129DCB = {
						CreatedOnToolsVersion = 9.1;
						ProvisioningStyle = Automatic;
					};
				};
			};
			buildConfigurationList = A082FFEE1FA336AF00129DCB /* Build configuration list for PBXProject "Pokedex" */;
			compatibilityVersion = "Xcode 8.0";
			developmentRegion = en;
			hasScannedForEncodings = 0;
			knownRegions = (
				en,
				Base,
			);
			mainGroup = A082FFEA1FA336AF00129DCB;
			productRefGroup = A082FFF41FA336AF00129DCB /* Products */;
			projectDirPath = "";
			projectRoot = "";
			targets = (
				A082FFF21FA336AF00129DCB /* Pokedex */,
			);
		};
/* End PBXProject section */

/* Begin PBXResourcesBuildPhase section */
		A082FFF11FA336AF00129DCB /* Resources */ = {
			isa = PBXResourcesBuildPhase;
			buildActionMask = 2147483647;
			files = (
				A08200151FA3555400129DCB /* pokemonfont.ttf in Resources */,
				A08200011FA336AF00129DCB /* LaunchScreen.storyboard in Resources */,
				A082FFFE1FA336AF00129DCB /* Assets.xcassets in Resources */,
				A08200091FA33BA000129DCB /* pokemon.csv in Resources */,
				A082FFFC1FA336AF00129DCB /* Main.storyboard in Resources */,
			);
			runOnlyForDeploymentPostprocessing = 0;
		};
/* End PBXResourcesBuildPhase section */

/* Begin PBXSourcesBuildPhase section */
		A082FFEF1FA336AF00129DCB /* Sources */ = {
			isa = PBXSourcesBuildPhase;
			buildActionMask = 2147483647;
			files = (
				A082000F1FA3454300129DCB /* PokeCell.swift in Sources */,
				A082FFF91FA336AF00129DCB /* ViewController.swift in Sources */,
				A082FFF71FA336AF00129DCB /* AppDelegate.swift in Sources */,
				A082000C1FA33D7300129DCB /* Pokemon.swift in Sources */,
				A08200131FA34E1100129DCB /* csv.swift in Sources */,
			);
			runOnlyForDeploymentPostprocessing = 0;
		};
/* End PBXSourcesBuildPhase section */

/* Begin PBXVariantGroup section */
		A082FFFA1FA336AF00129DCB /* Main.storyboard */ = {
			isa = PBXVariantGroup;
			children = (
				A082FFFB1FA336AF00129DCB /* Base */,
			);
			name = Main.storyboard;
			sourceTree = "<group>";
		};
		A082FFFF1FA336AF00129DCB /* LaunchScreen.storyboard */ = {
			isa = PBXVariantGroup;
			children = (
				A08200001FA336AF00129DCB /* Base */,
			);
			name = LaunchScreen.storyboard;
			sourceTree = "<group>";
		};
/* End PBXVariantGroup section */

/* Begin XCBuildConfiguration section */
		A08200031FA336AF00129DCB /* Debug */ = {
			isa = XCBuildConfiguration;
			buildSettings = {
				ALWAYS_SEARCH_USER_PATHS = NO;
				CLANG_ANALYZER_NONNULL = YES;
				CLANG_ANALYZER_NUMBER_OBJECT_CONVERSION = YES_AGGRESSIVE;
				CLANG_CXX_LANGUAGE_STANDARD = "gnu++14";
				CLANG_CXX_LIBRARY = "libc++";
				CLANG_ENABLE_MODULES = YES;
				CLANG_ENABLE_OBJC_ARC = YES;
				CLANG_WARN_BLOCK_CAPTURE_AUTORELEASING = YES;
				CLANG_WARN_BOOL_CONVERSION = YES;
				CLANG_WARN_COMMA = YES;
				CLANG_WARN_CONSTANT_CONVERSION = YES;
				CLANG_WARN_DIRECT_OBJC_ISA_USAGE = YES_ERROR;
				CLANG_WARN_DOCUMENTATION_COMMENTS = YES;
				CLANG_WARN_EMPTY_BODY = YES;
				CLANG_WARN_ENUM_CONVERSION = YES;
				CLANG_WARN_INFINITE_RECURSION = YES;
				CLANG_WARN_INT_CONVERSION = YES;
				CLANG_WARN_NON_LITERAL_NULL_CONVERSION = YES;
				CLANG_WARN_OBJC_LITERAL_CONVERSION = YES;
				CLANG_WARN_OBJC_ROOT_CLASS = YES_ERROR;
				CLANG_WARN_RANGE_LOOP_ANALYSIS = YES;
				CLANG_WARN_STRICT_PROTOTYPES = YES;
				CLANG_WARN_SUSPICIOUS_MOVE = YES;
				CLANG_WARN_UNGUARDED_AVAILABILITY = YES_AGGRESSIVE;
				CLANG_WARN_UNREACHABLE_CODE = YES;
				CLANG_WARN__DUPLICATE_METHOD_MATCH = YES;
				CODE_SIGN_IDENTITY = "iPhone Developer";
				COPY_PHASE_STRIP = NO;
				DEBUG_INFORMATION_FORMAT = dwarf;
				ENABLE_STRICT_OBJC_MSGSEND = YES;
				ENABLE_TESTABILITY = YES;
				GCC_C_LANGUAGE_STANDARD = gnu11;
				GCC_DYNAMIC_NO_PIC = NO;
				GCC_NO_COMMON_BLOCKS = YES;
				GCC_OPTIMIZATION_LEVEL = 0;
				GCC_PREPROCESSOR_DEFINITIONS = (
					"DEBUG=1",
					"$(inherited)",
				);
				GCC_WARN_64_TO_32_BIT_CONVERSION = YES;
				GCC_WARN_ABOUT_RETURN_TYPE = YES_ERROR;
				GCC_WARN_UNDECLARED_SELECTOR = YES;
				GCC_WARN_UNINITIALIZED_AUTOS = YES_AGGRESSIVE;
				GCC_WARN_UNUSED_FUNCTION = YES;
				GCC_WARN_UNUSED_VARIABLE = YES;
				IPHONEOS_DEPLOYMENT_TARGET = 11.1;
				MTL_ENABLE_DEBUG_INFO = YES;
				ONLY_ACTIVE_ARCH = YES;
				SDKROOT = iphoneos;
				SWIFT_ACTIVE_COMPILATION_CONDITIONS = DEBUG;
				SWIFT_OPTIMIZATION_LEVEL = "-Onone";
			};
			name = Debug;
		};
		A08200041FA336AF00129DCB /* Release */ = {
			isa = XCBuildConfiguration;
			buildSettings = {
				ALWAYS_SEARCH_USER_PATHS = NO;
				CLANG_ANALYZER_NONNULL = YES;
				CLANG_ANALYZER_NUMBER_OBJECT_CONVERSION = YES_AGGRESSIVE;
				CLANG_CXX_LANGUAGE_STANDARD = "gnu++14";
				CLANG_CXX_LIBRARY = "libc++";
				CLANG_ENABLE_MODULES = YES;
				CLANG_ENABLE_OBJC_ARC = YES;
				CLANG_WARN_BLOCK_CAPTURE_AUTORELEASING = YES;
				CLANG_WARN_BOOL_CONVERSION = YES;
				CLANG_WARN_COMMA = YES;
				CLANG_WARN_CONSTANT_CONVERSION = YES;
				CLANG_WARN_DIRECT_OBJC_ISA_USAGE = YES_ERROR;
				CLANG_WARN_DOCUMENTATION_COMMENTS = YES;
				CLANG_WARN_EMPTY_BODY = YES;
				CLANG_WARN_ENUM_CONVERSION = YES;
				CLANG_WARN_INFINITE_RECURSION = YES;
				CLANG_WARN_INT_CONVERSION = YES;
				CLANG_WARN_NON_LITERAL_NULL_CONVERSION = YES;
				CLANG_WARN_OBJC_LITERAL_CONVERSION = YES;
				CLANG_WARN_OBJC_ROOT_CLASS = YES_ERROR;
				CLANG_WARN_RANGE_LOOP_ANALYSIS = YES;
				CLANG_WARN_STRICT_PROTOTYPES = YES;
				CLANG_WARN_SUSPICIOUS_MOVE = YES;
				CLANG_WARN_UNGUARDED_AVAILABILITY = YES_AGGRESSIVE;
				CLANG_WARN_UNREACHABLE_CODE = YES;
				CLANG_WARN__DUPLICATE_METHOD_MATCH = YES;
				CODE_SIGN_IDENTITY = "iPhone Developer";
				COPY_PHASE_STRIP = NO;
				DEBUG_INFORMATION_FORMAT = "dwarf-with-dsym";
				ENABLE_NS_ASSERTIONS = NO;
				ENABLE_STRICT_OBJC_MSGSEND = YES;
				GCC_C_LANGUAGE_STANDARD = gnu11;
				GCC_NO_COMMON_BLOCKS = YES;
				GCC_WARN_64_TO_32_BIT_CONVERSION = YES;
				GCC_WARN_ABOUT_RETURN_TYPE = YES_ERROR;
				GCC_WARN_UNDECLARED_SELECTOR = YES;
				GCC_WARN_UNINITIALIZED_AUTOS = YES_AGGRESSIVE;
				GCC_WARN_UNUSED_FUNCTION = YES;
				GCC_WARN_UNUSED_VARIABLE = YES;
				IPHONEOS_DEPLOYMENT_TARGET = 11.1;
				MTL_ENABLE_DEBUG_INFO = NO;
				SDKROOT = iphoneos;
				SWIFT_OPTIMIZATION_LEVEL = "-Owholemodule";
				VALIDATE_PRODUCT = YES;
			};
			name = Release;
		};
		A08200061FA336AF00129DCB /* Debug */ = {
			isa = XCBuildConfiguration;
			buildSettings = {
				ASSETCATALOG_COMPILER_APPICON_NAME = AppIcon;
				CODE_SIGN_STYLE = Automatic;
				DEVELOPMENT_TEAM = 524KA776UX;
				INFOPLIST_FILE = Pokedex/Info.plist;
				LD_RUNPATH_SEARCH_PATHS = "$(inherited) @executable_path/Frameworks";
				PRODUCT_BUNDLE_IDENTIFIER = com.tomgrobbe.Pokedex;
				PRODUCT_NAME = "$(TARGET_NAME)";
				SWIFT_VERSION = 4.0;
				TARGETED_DEVICE_FAMILY = 1;
			};
			name = Debug;
		};
		A08200071FA336AF00129DCB /* Release */ = {
			isa = XCBuildConfiguration;
			buildSettings = {
				ASSETCATALOG_COMPILER_APPICON_NAME = AppIcon;
				CODE_SIGN_STYLE = Automatic;
				DEVELOPMENT_TEAM = 524KA776UX;
				INFOPLIST_FILE = Pokedex/Info.plist;
				LD_RUNPATH_SEARCH_PATHS = "$(inherited) @executable_path/Frameworks";
				PRODUCT_BUNDLE_IDENTIFIER = com.tomgrobbe.Pokedex;
				PRODUCT_NAME = "$(TARGET_NAME)";
				SWIFT_VERSION = 4.0;
				TARGETED_DEVICE_FAMILY = 1;
			};
			name = Release;
		};
/* End XCBuildConfiguration section */

/* Begin XCConfigurationList section */
		A08200051FA336AF00129DCB /* Build configuration list for PBXNativeTarget "Pokedex" */ = {
			isa = XCConfigurationList;
			buildConfigurations = (
				A08200061FA336AF00129DCB /* Debug */,
				A08200071FA336AF00129DCB /* Release */,
			);
			defaultConfigurationIsVisible = 0;
			defaultConfigurationName = Release;
		};
		A082FFEE1FA336AF00129DCB /* Build configuration list for PBXProject "Pokedex" */ = {
			isa = XCConfigurationList;
			buildConfigurations = (
				A08200031FA336AF00129DCB /* Debug */,
				A08200041FA336AF00129DCB /* Release */,
			);
			defaultConfigurationIsVisible = 0;
			defaultConfigurationName = Release;
		};
/* End XCConfigurationList section */
	};
	rootObject = A082FFEB1FA336AF00129DCB /* Project object */;
}
